# This file is automatically @generated by Poetry 2.1.4 and should not be changed by hand.

[[package]]
name = "gepa"
version = "0.1.0"
description = "A framework for optimizing textual system components (AI prompts, code snippets, etc.) using LLM-based reflection and Pareto-efficient evolutionary search."
optional = false
python-versions = "<3.15,>=3.10"
groups = ["main"]
files = [
    {file = "gepa-0.1.0-py3-none-any.whl", hash = "sha256:4e3f8fe8ca20169e60518b2e9d416e8c4a579459848adffdcad12223fbf9643e"},
    {file = "gepa-0.1.0.tar.gz", hash = "sha256:f8b3d7918d4cdcf8593f39ef1cc757c4ba1a4e6793e3ffb622e6c0bc60a1efd9"},
]

[package.extras]
build = ["build", "packaging", "requests", "semver", "setuptools (>=77.0.1)", "twine", "wheel"]
dev = ["build (>=1.0.3)", "gepa[build]", "gepa[test]", "pre-commit", "ruff (>=0.3.0)"]
full = ["datasets (>=2.14.6) ; python_version < \"3.14\"", "datasets (>=4.5.0) ; python_version >= \"3.14\"", "litellm (>=1.64.0) ; python_version < \"3.14\"", "litellm (>=1.81.0) ; python_version >= \"3.14\"", "mlflow (>=3.0.0) ; python_version < \"3.14\"", "mlflow-skinny (>=3.8.1) ; python_version >= \"3.14\"", "pyarrow (>=22.0.0) ; python_version >= \"3.14\"", "pydantic (>=2.12.0) ; python_version >= \"3.14\"", "tiktoken (>=0.12.0) ; python_version >= \"3.14\"", "tqdm (>=4.66.1)", "wandb (>=0.23.0) ; python_version >= \"3.14\"", "wandb ; python_version < \"3.14\""]
test = ["gepa[full]", "pyright", "pytest"]

[metadata]
lock-version = "2.1"
python-versions = ">=3.12,<3.15"
content-hash = "3e23ea83a80e3e4a2ac244fc97ec55026439228c3273fce62b43d5ae55e47889"
